version=1
source_dotfiles=4b54ca3f6442a435c652a159da658c5249a34bd8
dot=5c01f1ff7532630c6586773af8d396408259a668
dotfiles_nvim=645ef8083d6f3931c1ee2c06d72bd9728cb35e32
dotfiles_dev=6f54c143547632150b8a75cfcd0ea851d57bc0e4
test_shdeps=bb438f2741aa6b2f385a1538ff66e8e29739da8a
test_shdeps_release=20260821-152006-bb438f27
test_shdeps_installer=0b8c587ee75430724b1aacf97e0f008228f9c4a8
test_agent_rules_sync=dd9346d2939945a77ab37588c66f81fcbc968c9f
