version=1
source_dotfiles=703e1aeea7286fccec56f65fa4314b8d57b46469
dot=52beff09fc4a36560b1bfd84ce09619f4e8868e9
dotfiles_nvim=c5cbae1ab3d559480f0a547718ca9fdab538770f
dotfiles_dev=c07f542e23188f6f626c1bf8a691d5f88c513e3b
test_shdeps=bb438f2741aa6b2f385a1538ff66e8e29739da8a
test_shdeps_release=20260821-152006-bb438f27
test_shdeps_installer=0b8c587ee75430724b1aacf97e0f008228f9c4a8
test_agent_rules_sync=dd9346d2939945a77ab37588c66f81fcbc968c9f
