version=1
source_dotfiles=faadad51a469a9651f6357850da852c3818390f5
dot=6e0efca35aa3b09e7f61ed0d79866f5a490bb852
dotfiles_nvim=04b59981330c5a4d9f5f1ca2bcf90c86d4e22a1c
dotfiles_dev=fdc42522f78bca1dcd0f55b15a43e94759d028fa
test_shdeps=bb438f2741aa6b2f385a1538ff66e8e29739da8a
test_shdeps_release=20260821-152006-bb438f27
test_shdeps_installer=0b8c587ee75430724b1aacf97e0f008228f9c4a8
test_agent_rules_sync=dd9346d2939945a77ab37588c66f81fcbc968c9f
